
Microsoft Visual Studio Solution File, Format Version 12.00
# Visual Studio Version 17
VisualStudioVersion = 17.2.32519.379
MinimumVisualStudioVersion = 10.0.40219.1
Project("{FAE04EC0-301F-11D3-BF4B-00C04F79EFBC}") = "Lesson03Ex01", "Lesson03Ex01.csproj", "{31F72614-2532-4F20-B0EE-1B0A9CEF9E55}"
EndProject
Global
	GlobalSection(SolutionConfigurationPlatforms) = preSolution
		Debug|Any CPU = Debug|Any CPU
		Release|Any CPU = Release|Any CPU
	EndGlobalSection
	GlobalSection(ProjectConfigurationPlatforms) = postSolution
		{31F72614-2532-4F20-B0EE-1B0A9CEF9E55}.Debug|Any CPU.ActiveCfg = Debug|Any CPU
		{31F72614-2532-4F20-B0EE-1B0A9CEF9E55}.Debug|Any CPU.Build.0 = Debug|Any CPU
		{31F72614-2532-4F20-B0EE-1B0A9CEF9E55}.Release|Any CPU.ActiveCfg = Release|Any CPU
		{31F72614-2532-4F20-B0EE-1B0A9CEF9E55}.Release|Any CPU.Build.0 = Release|Any CPU
	EndGlobalSection
	GlobalSection(SolutionProperties) = preSolution
		HideSolutionNode = FALSE
	EndGlobalSection
	GlobalSection(ExtensibilityGlobals) = postSolution
		SolutionGuid = {C8E2B1A8-567A-4A8C-8460-977022303E79}
	EndGlobalSection
EndGlobal
